// !$*UTF8*$!
{
	archiveVersion = 1;
	classes = {
	};
	objectVersion = 55;
	objects = {

/* Begin PBXBuildFile section */
		507292EB1A4264960F01CCBA /* Pods_DidIDoMyBestTodayTests.framework in Frameworks */ = {isa = PBXBuildFile; fileRef = 7952AA41A441A4C6A1C024D1 /* Pods_DidIDoMyBestTodayTests.framework */; };
		7B48A4D22855BE7700FE34C0 /* RealmTaskData.swift in Sources */ = {isa = PBXBuildFile; fileRef = 7B48A4D12855BE7700FE34C0 /* RealmTaskData.swift */; };
		7B48A4D42855BFA700FE34C0 /* RealmDataManager.swift in Sources */ = {isa = PBXBuildFile; fileRef = 7B48A4D32855BFA700FE34C0 /* RealmDataManager.swift */; };
		7B48A4D72855C10E00FE34C0 /* RealmTest.swift in Sources */ = {isa = PBXBuildFile; fileRef = 7B48A4D62855C10E00FE34C0 /* RealmTest.swift */; };
		7B48A4DA2855C19400FE34C0 /* RealmInsertError.swift in Sources */ = {isa = PBXBuildFile; fileRef = 7B48A4D92855C19400FE34C0 /* RealmInsertError.swift */; };
		7B48A4DD2855CFAD00FE34C0 /* TaskData.swift in Sources */ = {isa = PBXBuildFile; fileRef = 7B48A4DC2855CFAD00FE34C0 /* TaskData.swift */; };
		7B48A4E52855DEC100FE34C0 /* TodoListTableCell.swift in Sources */ = {isa = PBXBuildFile; fileRef = 7B48A4E32855DEC100FE34C0 /* TodoListTableCell.swift */; };
		7B48A4E92855E05B00FE34C0 /* ScoreEnum.swift in Sources */ = {isa = PBXBuildFile; fileRef = 7B48A4E82855E05B00FE34C0 /* ScoreEnum.swift */; };
		7BFB05252853640A009EA3E1 /* AppDelegate.swift in Sources */ = {isa = PBXBuildFile; fileRef = 7BFB05242853640A009EA3E1 /* AppDelegate.swift */; };
		7BFB05272853640A009EA3E1 /* SceneDelegate.swift in Sources */ = {isa = PBXBuildFile; fileRef = 7BFB05262853640A009EA3E1 /* SceneDelegate.swift */; };
		7BFB05292853640A009EA3E1 /* MainSceneViewController.swift in Sources */ = {isa = PBXBuildFile; fileRef = 7BFB05282853640A009EA3E1 /* MainSceneViewController.swift */; };
		7BFB052C2853640A009EA3E1 /* MainScene.storyboard in Resources */ = {isa = PBXBuildFile; fileRef = 7BFB052A2853640A009EA3E1 /* MainScene.storyboard */; };
		7BFB052E2853640C009EA3E1 /* Assets.xcassets in Resources */ = {isa = PBXBuildFile; fileRef = 7BFB052D2853640C009EA3E1 /* Assets.xcassets */; };
		7BFB05312853640C009EA3E1 /* LaunchScreen.storyboard in Resources */ = {isa = PBXBuildFile; fileRef = 7BFB052F2853640C009EA3E1 /* LaunchScreen.storyboard */; };
		7BFB05462853640C009EA3E1 /* DidIDoMyBestTodayUITests.swift in Sources */ = {isa = PBXBuildFile; fileRef = 7BFB05452853640C009EA3E1 /* DidIDoMyBestTodayUITests.swift */; };
		7BFB05482853640C009EA3E1 /* DidIDoMyBestTodayUITestsLaunchTests.swift in Sources */ = {isa = PBXBuildFile; fileRef = 7BFB05472853640C009EA3E1 /* DidIDoMyBestTodayUITestsLaunchTests.swift */; };
		7BFB0558285584E6009EA3E1 /* MainSceneTest.swift in Sources */ = {isa = PBXBuildFile; fileRef = 7BFB0557285584E6009EA3E1 /* MainSceneTest.swift */; };
		7BFB055C28558D77009EA3E1 /* MockMainSceneViewController.swift in Sources */ = {isa = PBXBuildFile; fileRef = 7BFB055B28558D77009EA3E1 /* MockMainSceneViewController.swift */; };
		7BFB055E28558DA2009EA3E1 /* MainSceneProtocol.swift in Sources */ = {isa = PBXBuildFile; fileRef = 7BFB055D28558DA2009EA3E1 /* MainSceneProtocol.swift */; };
		7BFB056528559162009EA3E1 /* MainScenePresenter.swift in Sources */ = {isa = PBXBuildFile; fileRef = 7BFB055528558492009EA3E1 /* MainScenePresenter.swift */; };
		7BFB05682855B7AF009EA3E1 /* WriteTodoTaskSceneViewController.swift in Sources */ = {isa = PBXBuildFile; fileRef = 7BFB05672855B7AF009EA3E1 /* WriteTodoTaskSceneViewController.swift */; };
		7BFB056A2855B805009EA3E1 /* WriteTodoaskScenePresenter.swift in Sources */ = {isa = PBXBuildFile; fileRef = 7BFB05692855B805009EA3E1 /* WriteTodoaskScenePresenter.swift */; };
		7BFB056C2855B852009EA3E1 /* WriteTodoTaskSceneProtocol.swift in Sources */ = {isa = PBXBuildFile; fileRef = 7BFB056B2855B852009EA3E1 /* WriteTodoTaskSceneProtocol.swift */; };
		7BFB056E2855B898009EA3E1 /* WriteTodoSceneView.storyboard in Resources */ = {isa = PBXBuildFile; fileRef = 7BFB056D2855B898009EA3E1 /* WriteTodoSceneView.storyboard */; };
		DCBEA53B1700B56E3CB33AB6 /* Pods_DidIDoMyBestToday.framework in Frameworks */ = {isa = PBXBuildFile; fileRef = 2DA0C3355C683E321D7A7AF7 /* Pods_DidIDoMyBestToday.framework */; };
		E7CF7640C6E9C525DBCD31AC /* Pods_DidIDoMyBestToday_DidIDoMyBestTodayUITests.framework in Frameworks */ = {isa = PBXBuildFile; fileRef = 46C95F6ABD8EA9B106228697 /* Pods_DidIDoMyBestToday_DidIDoMyBestTodayUITests.framework */; };
/* End PBXBuildFile section */

/* Begin PBXContainerItemProxy section */
		7BFB05382853640C009EA3E1 /* PBXContainerItemProxy */ = {
			isa = PBXContainerItemProxy;
			containerPortal = 7BFB05192853640A009EA3E1 /* Project object */;
			proxyType = 1;
			remoteGlobalIDString = 7BFB05202853640A009EA3E1;
			remoteInfo = DidIDoMyBestToday;
		};
		7BFB05422853640C009EA3E1 /* PBXContainerItemProxy */ = {
			isa = PBXContainerItemProxy;
			containerPortal = 7BFB05192853640A009EA3E1 /* Project object */;
			proxyType = 1;
			remoteGlobalIDString = 7BFB05202853640A009EA3E1;
			remoteInfo = DidIDoMyBestToday;
		};
/* End PBXContainerItemProxy section */

/* Begin PBXFileReference section */
		0157DD42403CA0B16DB35415 /* Pods-DidIDoMyBestToday.release.xcconfig */ = {isa = PBXFileReference; includeInIndex = 1; lastKnownFileType = text.xcconfig; name = "Pods-DidIDoMyBestToday.release.xcconfig"; path = "Target Support Files/Pods-DidIDoMyBestToday/Pods-DidIDoMyBestToday.release.xcconfig"; sourceTree = "<group>"; };
		2DA0C3355C683E321D7A7AF7 /* Pods_DidIDoMyBestToday.framework */ = {isa = PBXFileReference; explicitFileType = wrapper.framework; includeInIndex = 0; path = Pods_DidIDoMyBestToday.framework; sourceTree = BUILT_PRODUCTS_DIR; };
		46C95F6ABD8EA9B106228697 /* Pods_DidIDoMyBestToday_DidIDoMyBestTodayUITests.framework */ = {isa = PBXFileReference; explicitFileType = wrapper.framework; includeInIndex = 0; path = Pods_DidIDoMyBestToday_DidIDoMyBestTodayUITests.framework; sourceTree = BUILT_PRODUCTS_DIR; };
		4A43F0D7A503BE6F6858BFCB /* Pods-DidIDoMyBestToday-DidIDoMyBestTodayUITests.debug.xcconfig */ = {isa = PBXFileReference; includeInIndex = 1; lastKnownFileType = text.xcconfig; name = "Pods-DidIDoMyBestToday-DidIDoMyBestTodayUITests.debug.xcconfig"; path = "Target Support Files/Pods-DidIDoMyBestToday-DidIDoMyBestTodayUITests/Pods-DidIDoMyBestToday-DidIDoMyBestTodayUITests.debug.xcconfig"; sourceTree = "<group>"; };
		7952AA41A441A4C6A1C024D1 /* Pods_DidIDoMyBestTodayTests.framework */ = {isa = PBXFileReference; explicitFileType = wrapper.framework; includeInIndex = 0; path = Pods_DidIDoMyBestTodayTests.framework; sourceTree = BUILT_PRODUCTS_DIR; };
		7B48A4D12855BE7700FE34C0 /* RealmTaskData.swift */ = {isa = PBXFileReference; lastKnownFileType = sourcecode.swift; path = RealmTaskData.swift; sourceTree = "<group>"; };
		7B48A4D32855BFA700FE34C0 /* RealmDataManager.swift */ = {isa = PBXFileReference; lastKnownFileType = sourcecode.swift; path = RealmDataManager.swift; sourceTree = "<group>"; };
		7B48A4D62855C10E00FE34C0 /* RealmTest.swift */ = {isa = PBXFileReference; lastKnownFileType = sourcecode.swift; path = RealmTest.swift; sourceTree = "<group>"; };
		7B48A4D92855C19400FE34C0 /* RealmInsertError.swift */ = {isa = PBXFileReference; lastKnownFileType = sourcecode.swift; path = RealmInsertError.swift; sourceTree = "<group>"; };
		7B48A4DC2855CFAD00FE34C0 /* TaskData.swift */ = {isa = PBXFileReference; lastKnownFileType = sourcecode.swift; path = TaskData.swift; sourceTree = "<group>"; };
		7B48A4E32855DEC100FE34C0 /* TodoListTableCell.swift */ = {isa = PBXFileReference; lastKnownFileType = sourcecode.swift; path = TodoListTableCell.swift; sourceTree = "<group>"; };
		7B48A4E82855E05B00FE34C0 /* ScoreEnum.swift */ = {isa = PBXFileReference; lastKnownFileType = sourcecode.swift; path = ScoreEnum.swift; sourceTree = "<group>"; };
		7BFB05212853640A009EA3E1 /* DidIDoMyBestToday.app */ = {isa = PBXFileReference; explicitFileType = wrapper.application; includeInIndex = 0; path = DidIDoMyBestToday.app; sourceTree = BUILT_PRODUCTS_DIR; };
		7BFB05242853640A009EA3E1 /* AppDelegate.swift */ = {isa = PBXFileReference; lastKnownFileType = sourcecode.swift; path = AppDelegate.swift; sourceTree = "<group>"; };
		7BFB05262853640A009EA3E1 /* SceneDelegate.swift */ = {isa = PBXFileReference; lastKnownFileType = sourcecode.swift; path = SceneDelegate.swift; sourceTree = "<group>"; };
		7BFB05282853640A009EA3E1 /* MainSceneViewController.swift */ = {isa = PBXFileReference; lastKnownFileType = sourcecode.swift; path = MainSceneViewController.swift; sourceTree = "<group>"; };
		7BFB052B2853640A009EA3E1 /* Base */ = {isa = PBXFileReference; lastKnownFileType = file.storyboard; name = Base; path = Base.lproj/MainScene.storyboard; sourceTree = "<group>"; };
		7BFB052D2853640C009EA3E1 /* Assets.xcassets */ = {isa = PBXFileReference; lastKnownFileType = folder.assetcatalog; path = Assets.xcassets; sourceTree = "<group>"; };
		7BFB05302853640C009EA3E1 /* Base */ = {isa = PBXFileReference; lastKnownFileType = file.storyboard; name = Base; path = Base.lproj/LaunchScreen.storyboard; sourceTree = "<group>"; };
		7BFB05322853640C009EA3E1 /* Info.plist */ = {isa = PBXFileReference; lastKnownFileType = text.plist.xml; path = Info.plist; sourceTree = "<group>"; };
		7BFB05372853640C009EA3E1 /* DidIDoMyBestTodayTests.xctest */ = {isa = PBXFileReference; explicitFileType = wrapper.cfbundle; includeInIndex = 0; path = DidIDoMyBestTodayTests.xctest; sourceTree = BUILT_PRODUCTS_DIR; };
		7BFB05412853640C009EA3E1 /* DidIDoMyBestTodayUITests.xctest */ = {isa = PBXFileReference; explicitFileType = wrapper.cfbundle; includeInIndex = 0; path = DidIDoMyBestTodayUITests.xctest; sourceTree = BUILT_PRODUCTS_DIR; };
		7BFB05452853640C009EA3E1 /* DidIDoMyBestTodayUITests.swift */ = {isa = PBXFileReference; lastKnownFileType = sourcecode.swift; path = DidIDoMyBestTodayUITests.swift; sourceTree = "<group>"; };
		7BFB05472853640C009EA3E1 /* DidIDoMyBestTodayUITestsLaunchTests.swift */ = {isa = PBXFileReference; lastKnownFileType = sourcecode.swift; path = DidIDoMyBestTodayUITestsLaunchTests.swift; sourceTree = "<group>"; };
		7BFB055528558492009EA3E1 /* MainScenePresenter.swift */ = {isa = PBXFileReference; lastKnownFileType = sourcecode.swift; path = MainScenePresenter.swift; sourceTree = "<group>"; };
		7BFB0557285584E6009EA3E1 /* MainSceneTest.swift */ = {isa = PBXFileReference; lastKnownFileType = sourcecode.swift; path = MainSceneTest.swift; sourceTree = "<group>"; };
		7BFB055B28558D77009EA3E1 /* MockMainSceneViewController.swift */ = {isa = PBXFileReference; lastKnownFileType = sourcecode.swift; path = MockMainSceneViewController.swift; sourceTree = "<group>"; };
		7BFB055D28558DA2009EA3E1 /* MainSceneProtocol.swift */ = {isa = PBXFileReference; lastKnownFileType = sourcecode.swift; path = MainSceneProtocol.swift; sourceTree = "<group>"; };
		7BFB05672855B7AF009EA3E1 /* WriteTodoTaskSceneViewController.swift */ = {isa = PBXFileReference; lastKnownFileType = sourcecode.swift; path = WriteTodoTaskSceneViewController.swift; sourceTree = "<group>"; };
		7BFB05692855B805009EA3E1 /* WriteTodoaskScenePresenter.swift */ = {isa = PBXFileReference; lastKnownFileType = sourcecode.swift; path = WriteTodoaskScenePresenter.swift; sourceTree = "<group>"; };
		7BFB056B2855B852009EA3E1 /* WriteTodoTaskSceneProtocol.swift */ = {isa = PBXFileReference; lastKnownFileType = sourcecode.swift; path = WriteTodoTaskSceneProtocol.swift; sourceTree = "<group>"; };
		7BFB056D2855B898009EA3E1 /* WriteTodoSceneView.storyboard */ = {isa = PBXFileReference; lastKnownFileType = file.storyboard; path = WriteTodoSceneView.storyboard; sourceTree = "<group>"; };
		8330D262441549AFE7F4C024 /* Pods-DidIDoMyBestTodayTests.release.xcconfig */ = {isa = PBXFileReference; includeInIndex = 1; lastKnownFileType = text.xcconfig; name = "Pods-DidIDoMyBestTodayTests.release.xcconfig"; path = "Target Support Files/Pods-DidIDoMyBestTodayTests/Pods-DidIDoMyBestTodayTests.release.xcconfig"; sourceTree = "<group>"; };
		B5937904DE8037992B46F275 /* Pods-DidIDoMyBestTodayTests.debug.xcconfig */ = {isa = PBXFileReference; includeInIndex = 1; lastKnownFileType = text.xcconfig; name = "Pods-DidIDoMyBestTodayTests.debug.xcconfig"; path = "Target Support Files/Pods-DidIDoMyBestTodayTests/Pods-DidIDoMyBestTodayTests.debug.xcconfig"; sourceTree = "<group>"; };
		D1AC62D5176A20ED5BF08D70 /* Pods-DidIDoMyBestToday-DidIDoMyBestTodayUITests.release.xcconfig */ = {isa = PBXFileReference; includeInIndex = 1; lastKnownFileType = text.xcconfig; name = "Pods-DidIDoMyBestToday-DidIDoMyBestTodayUITests.release.xcconfig"; path = "Target Support Files/Pods-DidIDoMyBestToday-DidIDoMyBestTodayUITests/Pods-DidIDoMyBestToday-DidIDoMyBestTodayUITests.release.xcconfig"; sourceTree = "<group>"; };
		DE24B63C448D54F93E3801F8 /* Pods-DidIDoMyBestToday.debug.xcconfig */ = {isa = PBXFileReference; includeInIndex = 1; lastKnownFileType = text.xcconfig; name = "Pods-DidIDoMyBestToday.debug.xcconfig"; path = "Target Support Files/Pods-DidIDoMyBestToday/Pods-DidIDoMyBestToday.debug.xcconfig"; sourceTree = "<group>"; };
/* End PBXFileReference section */

/* Begin PBXFrameworksBuildPhase section */
		7BFB051E2853640A009EA3E1 /* Frameworks */ = {
			isa = PBXFrameworksBuildPhase;
			buildActionMask = 2147483647;
			files = (
				DCBEA53B1700B56E3CB33AB6 /* Pods_DidIDoMyBestToday.framework in Frameworks */,
			);
			runOnlyForDeploymentPostprocessing = 0;
		};
		7BFB05342853640C009EA3E1 /* Frameworks */ = {
			isa = PBXFrameworksBuildPhase;
			buildActionMask = 2147483647;
			files = (
				507292EB1A4264960F01CCBA /* Pods_DidIDoMyBestTodayTests.framework in Frameworks */,
			);
			runOnlyForDeploymentPostprocessing = 0;
		};
		7BFB053E2853640C009EA3E1 /* Frameworks */ = {
			isa = PBXFrameworksBuildPhase;
			buildActionMask = 2147483647;
			files = (
				E7CF7640C6E9C525DBCD31AC /* Pods_DidIDoMyBestToday_DidIDoMyBestTodayUITests.framework in Frameworks */,
			);
			runOnlyForDeploymentPostprocessing = 0;
		};
/* End PBXFrameworksBuildPhase section */

/* Begin PBXGroup section */
		1E259B7D984BA0938E90F6E5 /* Pods */ = {
			isa = PBXGroup;
			children = (
				DE24B63C448D54F93E3801F8 /* Pods-DidIDoMyBestToday.debug.xcconfig */,
				0157DD42403CA0B16DB35415 /* Pods-DidIDoMyBestToday.release.xcconfig */,
				4A43F0D7A503BE6F6858BFCB /* Pods-DidIDoMyBestToday-DidIDoMyBestTodayUITests.debug.xcconfig */,
				D1AC62D5176A20ED5BF08D70 /* Pods-DidIDoMyBestToday-DidIDoMyBestTodayUITests.release.xcconfig */,
				B5937904DE8037992B46F275 /* Pods-DidIDoMyBestTodayTests.debug.xcconfig */,
				8330D262441549AFE7F4C024 /* Pods-DidIDoMyBestTodayTests.release.xcconfig */,
			);
			path = Pods;
			sourceTree = "<group>";
		};
		7B48A4CF2855BB9100FE34C0 /* WriteTodoSceneTestDir */ = {
			isa = PBXGroup;
			children = (
			);
			path = WriteTodoSceneTestDir;
			sourceTree = "<group>";
		};
		7B48A4D02855BE1E00FE34C0 /* RealmDataBase */ = {
			isa = PBXGroup;
			children = (
				7B48A4D12855BE7700FE34C0 /* RealmTaskData.swift */,
				7B48A4D32855BFA700FE34C0 /* RealmDataManager.swift */,
			);
			path = RealmDataBase;
			sourceTree = "<group>";
		};
		7B48A4D52855C0FF00FE34C0 /* RealmTest */ = {
			isa = PBXGroup;
			children = (
				7B48A4D62855C10E00FE34C0 /* RealmTest.swift */,
			);
			path = RealmTest;
			sourceTree = "<group>";
		};
		7B48A4D82855C18600FE34C0 /* ErrorHandling */ = {
			isa = PBXGroup;
			children = (
				7B48A4D92855C19400FE34C0 /* RealmInsertError.swift */,
			);
			path = ErrorHandling;
			sourceTree = "<group>";
		};
		7B48A4DB2855CFA300FE34C0 /* Model */ = {
			isa = PBXGroup;
			children = (
				7B48A4DC2855CFAD00FE34C0 /* TaskData.swift */,
			);
			path = Model;
			sourceTree = "<group>";
		};
		7B48A4DE2855DD2B00FE34C0 /* TodoListCell */ = {
			isa = PBXGroup;
			children = (
				7B48A4E32855DEC100FE34C0 /* TodoListTableCell.swift */,
			);
			path = TodoListCell;
			sourceTree = "<group>";
		};
		7B48A4E72855E04400FE34C0 /* Enumerate */ = {
			isa = PBXGroup;
			children = (
				7B48A4E82855E05B00FE34C0 /* ScoreEnum.swift */,
			);
			path = Enumerate;
			sourceTree = "<group>";
		};
		7BFB05182853640A009EA3E1 = {
			isa = PBXGroup;
			children = (
				7BFB05232853640A009EA3E1 /* DidIDoMyBestToday */,
				7BFB053A2853640C009EA3E1 /* DidIDoMyBestTodayTests */,
				7BFB05442853640C009EA3E1 /* DidIDoMyBestTodayUITests */,
				7BFB05222853640A009EA3E1 /* Products */,
				1E259B7D984BA0938E90F6E5 /* Pods */,
				ACBA08EC8AD44918C2BC8225 /* Frameworks */,
			);
			sourceTree = "<group>";
		};
		7BFB05222853640A009EA3E1 /* Products */ = {
			isa = PBXGroup;
			children = (
				7BFB05212853640A009EA3E1 /* DidIDoMyBestToday.app */,
				7BFB05372853640C009EA3E1 /* DidIDoMyBestTodayTests.xctest */,
				7BFB05412853640C009EA3E1 /* DidIDoMyBestTodayUITests.xctest */,
			);
			name = Products;
			sourceTree = "<group>";
		};
		7BFB05232853640A009EA3E1 /* DidIDoMyBestToday */ = {
			isa = PBXGroup;
			children = (
				7B48A4E72855E04400FE34C0 /* Enumerate */,
				7B48A4DB2855CFA300FE34C0 /* Model */,
				7B48A4D82855C18600FE34C0 /* ErrorHandling */,
				7B48A4D02855BE1E00FE34C0 /* RealmDataBase */,
				7BFB055428558443009EA3E1 /* MainScene */,
				7BFB05242853640A009EA3E1 /* AppDelegate.swift */,
				7BFB05262853640A009EA3E1 /* SceneDelegate.swift */,
				7BFB052D2853640C009EA3E1 /* Assets.xcassets */,
				7BFB052F2853640C009EA3E1 /* LaunchScreen.storyboard */,
				7BFB05322853640C009EA3E1 /* Info.plist */,
			);
			path = DidIDoMyBestToday;
			sourceTree = "<group>";
		};
		7BFB053A2853640C009EA3E1 /* DidIDoMyBestTodayTests */ = {
			isa = PBXGroup;
			children = (
				7B48A4D52855C0FF00FE34C0 /* RealmTest */,
				7BFB055928558524009EA3E1 /* MainSceneTestDir */,
			);
			path = DidIDoMyBestTodayTests;
			sourceTree = "<group>";
		};
		7BFB05442853640C009EA3E1 /* DidIDoMyBestTodayUITests */ = {
			isa = PBXGroup;
			children = (
				7BFB05452853640C009EA3E1 /* DidIDoMyBestTodayUITests.swift */,
				7BFB05472853640C009EA3E1 /* DidIDoMyBestTodayUITestsLaunchTests.swift */,
			);
			path = DidIDoMyBestTodayUITests;
			sourceTree = "<group>";
		};
		7BFB055428558443009EA3E1 /* MainScene */ = {
			isa = PBXGroup;
			children = (
				7B48A4DE2855DD2B00FE34C0 /* TodoListCell */,
				7BFB05662855B79D009EA3E1 /* WriteTodoTaskScene */,
				7BFB055D28558DA2009EA3E1 /* MainSceneProtocol.swift */,
				7BFB05282853640A009EA3E1 /* MainSceneViewController.swift */,
				7BFB055528558492009EA3E1 /* MainScenePresenter.swift */,
				7BFB052A2853640A009EA3E1 /* MainScene.storyboard */,
			);
			path = MainScene;
			sourceTree = "<group>";
		};
		7BFB055928558524009EA3E1 /* MainSceneTestDir */ = {
			isa = PBXGroup;
			children = (
				7B48A4CF2855BB9100FE34C0 /* WriteTodoSceneTestDir */,
				7BFB0557285584E6009EA3E1 /* MainSceneTest.swift */,
				7BFB055B28558D77009EA3E1 /* MockMainSceneViewController.swift */,
			);
			path = MainSceneTestDir;
			sourceTree = "<group>";
		};
		7BFB05662855B79D009EA3E1 /* WriteTodoTaskScene */ = {
			isa = PBXGroup;
			children = (
				7BFB05672855B7AF009EA3E1 /* WriteTodoTaskSceneViewController.swift */,
				7BFB05692855B805009EA3E1 /* WriteTodoaskScenePresenter.swift */,
				7BFB056B2855B852009EA3E1 /* WriteTodoTaskSceneProtocol.swift */,
				7BFB056D2855B898009EA3E1 /* WriteTodoSceneView.storyboard */,
			);
			path = WriteTodoTaskScene;
			sourceTree = "<group>";
		};
		ACBA08EC8AD44918C2BC8225 /* Frameworks */ = {
			isa = PBXGroup;
			children = (
				2DA0C3355C683E321D7A7AF7 /* Pods_DidIDoMyBestToday.framework */,
				46C95F6ABD8EA9B106228697 /* Pods_DidIDoMyBestToday_DidIDoMyBestTodayUITests.framework */,
				7952AA41A441A4C6A1C024D1 /* Pods_DidIDoMyBestTodayTests.framework */,
			);
			name = Frameworks;
			sourceTree = "<group>";
		};
/* End PBXGroup section */

/* Begin PBXNativeTarget section */
		7BFB05202853640A009EA3E1 /* DidIDoMyBestToday */ = {
			isa = PBXNativeTarget;
			buildConfigurationList = 7BFB054B2853640C009EA3E1 /* Build configuration list for PBXNativeTarget "DidIDoMyBestToday" */;
			buildPhases = (
				2651C755BEDE692FC07D1012 /* [CP] Check Pods Manifest.lock */,
				7BFB051D2853640A009EA3E1 /* Sources */,
				7BFB051E2853640A009EA3E1 /* Frameworks */,
				7BFB051F2853640A009EA3E1 /* Resources */,
				57DF3CBA1924A6F4BD726545 /* [CP] Embed Pods Frameworks */,
			);
			buildRules = (
			);
			dependencies = (
			);
			name = DidIDoMyBestToday;
			productName = DidIDoMyBestToday;
			productReference = 7BFB05212853640A009EA3E1 /* DidIDoMyBestToday.app */;
			productType = "com.apple.product-type.application";
		};
		7BFB05362853640C009EA3E1 /* DidIDoMyBestTodayTests */ = {
			isa = PBXNativeTarget;
			buildConfigurationList = 7BFB054E2853640C009EA3E1 /* Build configuration list for PBXNativeTarget "DidIDoMyBestTodayTests" */;
			buildPhases = (
				BC91D180C7497BA264863349 /* [CP] Check Pods Manifest.lock */,
				7BFB05332853640C009EA3E1 /* Sources */,
				7BFB05342853640C009EA3E1 /* Frameworks */,
				7BFB05352853640C009EA3E1 /* Resources */,
			);
			buildRules = (
			);
			dependencies = (
				7BFB05392853640C009EA3E1 /* PBXTargetDependency */,
			);
			name = DidIDoMyBestTodayTests;
			productName = DidIDoMyBestTodayTests;
			productReference = 7BFB05372853640C009EA3E1 /* DidIDoMyBestTodayTests.xctest */;
			productType = "com.apple.product-type.bundle.unit-test";
		};
		7BFB05402853640C009EA3E1 /* DidIDoMyBestTodayUITests */ = {
			isa = PBXNativeTarget;
			buildConfigurationList = 7BFB05512853640C009EA3E1 /* Build configuration list for PBXNativeTarget "DidIDoMyBestTodayUITests" */;
			buildPhases = (
				0386564C0BA156107AFEFE6C /* [CP] Check Pods Manifest.lock */,
				7BFB053D2853640C009EA3E1 /* Sources */,
				7BFB053E2853640C009EA3E1 /* Frameworks */,
				7BFB053F2853640C009EA3E1 /* Resources */,
				E6CCE8CB1A4A070128197777 /* [CP] Embed Pods Frameworks */,
			);
			buildRules = (
			);
			dependencies = (
				7BFB05432853640C009EA3E1 /* PBXTargetDependency */,
			);
			name = DidIDoMyBestTodayUITests;
			productName = DidIDoMyBestTodayUITests;
			productReference = 7BFB05412853640C009EA3E1 /* DidIDoMyBestTodayUITests.xctest */;
			productType = "com.apple.product-type.bundle.ui-testing";
		};
/* End PBXNativeTarget section */

/* Begin PBXProject section */
		7BFB05192853640A009EA3E1 /* Project object */ = {
			isa = PBXProject;
			attributes = {
				BuildIndependentTargetsInParallel = 1;
				LastSwiftUpdateCheck = 1330;
				LastUpgradeCheck = 1330;
				TargetAttributes = {
					7BFB05202853640A009EA3E1 = {
						CreatedOnToolsVersion = 13.3;
					};
					7BFB05362853640C009EA3E1 = {
						CreatedOnToolsVersion = 13.3;
						TestTargetID = 7BFB05202853640A009EA3E1;
					};
					7BFB05402853640C009EA3E1 = {
						CreatedOnToolsVersion = 13.3;
						TestTargetID = 7BFB05202853640A009EA3E1;
					};
				};
			};
			buildConfigurationList = 7BFB051C2853640A009EA3E1 /* Build configuration list for PBXProject "DidIDoMyBestToday" */;
			compatibilityVersion = "Xcode 13.0";
			developmentRegion = en;
			hasScannedForEncodings = 0;
			knownRegions = (
				en,
				Base,
			);
			mainGroup = 7BFB05182853640A009EA3E1;
			productRefGroup = 7BFB05222853640A009EA3E1 /* Products */;
			projectDirPath = "";
			projectRoot = "";
			targets = (
				7BFB05202853640A009EA3E1 /* DidIDoMyBestToday */,
				7BFB05362853640C009EA3E1 /* DidIDoMyBestTodayTests */,
				7BFB05402853640C009EA3E1 /* DidIDoMyBestTodayUITests */,
			);
		};
/* End PBXProject section */

/* Begin PBXResourcesBuildPhase section */
		7BFB051F2853640A009EA3E1 /* Resources */ = {
			isa = PBXResourcesBuildPhase;
			buildActionMask = 2147483647;
			files = (
				7BFB05312853640C009EA3E1 /* LaunchScreen.storyboard in Resources */,
				7BFB052E2853640C009EA3E1 /* Assets.xcassets in Resources */,
				7BFB056E2855B898009EA3E1 /* WriteTodoSceneView.storyboard in Resources */,
				7BFB052C2853640A009EA3E1 /* MainScene.storyboard in Resources */,
			);
			runOnlyForDeploymentPostprocessing = 0;
		};
		7BFB05352853640C009EA3E1 /* Resources */ = {
			isa = PBXResourcesBuildPhase;
			buildActionMask = 2147483647;
			files = (
			);
			runOnlyForDeploymentPostprocessing = 0;
		};
		7BFB053F2853640C009EA3E1 /* Resources */ = {
			isa = PBXResourcesBuildPhase;
			buildActionMask = 2147483647;
			files = (
			);
			runOnlyForDeploymentPostprocessing = 0;
		};
/* End PBXResourcesBuildPhase section */

/* Begin PBXShellScriptBuildPhase section */
		0386564C0BA156107AFEFE6C /* [CP] Check Pods Manifest.lock */ = {
			isa = PBXShellScriptBuildPhase;
			buildActionMask = 2147483647;
			files = (
			);
			inputFileListPaths = (
			);
			inputPaths = (
				"${PODS_PODFILE_DIR_PATH}/Podfile.lock",
				"${PODS_ROOT}/Manifest.lock",
			);
			name = "[CP] Check Pods Manifest.lock";
			outputFileListPaths = (
			);
			outputPaths = (
				"$(DERIVED_FILE_DIR)/Pods-DidIDoMyBestToday-DidIDoMyBestTodayUITests-checkManifestLockResult.txt",
			);
			runOnlyForDeploymentPostprocessing = 0;
			shellPath = /bin/sh;
			shellScript = "diff \"${PODS_PODFILE_DIR_PATH}/Podfile.lock\" \"${PODS_ROOT}/Manifest.lock\" > /dev/null\nif [ $? != 0 ] ; then\n    # print error to STDERR\n    echo \"error: The sandbox is not in sync with the Podfile.lock. Run 'pod install' or update your CocoaPods installation.\" >&2\n    exit 1\nfi\n# This output is used by Xcode 'outputs' to avoid re-running this script phase.\necho \"SUCCESS\" > \"${SCRIPT_OUTPUT_FILE_0}\"\n";
			showEnvVarsInLog = 0;
		};
		2651C755BEDE692FC07D1012 /* [CP] Check Pods Manifest.lock */ = {
			isa = PBXShellScriptBuildPhase;
			buildActionMask = 2147483647;
			files = (
			);
			inputFileListPaths = (
			);
			inputPaths = (
				"${PODS_PODFILE_DIR_PATH}/Podfile.lock",
				"${PODS_ROOT}/Manifest.lock",
			);
			name = "[CP] Check Pods Manifest.lock";
			outputFileListPaths = (
			);
			outputPaths = (
				"$(DERIVED_FILE_DIR)/Pods-DidIDoMyBestToday-checkManifestLockResult.txt",
			);
			runOnlyForDeploymentPostprocessing = 0;
			shellPath = /bin/sh;
			shellScript = "diff \"${PODS_PODFILE_DIR_PATH}/Podfile.lock\" \"${PODS_ROOT}/Manifest.lock\" > /dev/null\nif [ $? != 0 ] ; then\n    # print error to STDERR\n    echo \"error: The sandbox is not in sync with the Podfile.lock. Run 'pod install' or update your CocoaPods installation.\" >&2\n    exit 1\nfi\n# This output is used by Xcode 'outputs' to avoid re-running this script phase.\necho \"SUCCESS\" > \"${SCRIPT_OUTPUT_FILE_0}\"\n";
			showEnvVarsInLog = 0;
		};
		57DF3CBA1924A6F4BD726545 /* [CP] Embed Pods Frameworks */ = {
			isa = PBXShellScriptBuildPhase;
			buildActionMask = 2147483647;
			files = (
			);
			inputFileListPaths = (
				"${PODS_ROOT}/Target Support Files/Pods-DidIDoMyBestToday/Pods-DidIDoMyBestToday-frameworks-${CONFIGURATION}-input-files.xcfilelist",
			);
			name = "[CP] Embed Pods Frameworks";
			outputFileListPaths = (
				"${PODS_ROOT}/Target Support Files/Pods-DidIDoMyBestToday/Pods-DidIDoMyBestToday-frameworks-${CONFIGURATION}-output-files.xcfilelist",
			);
			runOnlyForDeploymentPostprocessing = 0;
			shellPath = /bin/sh;
			shellScript = "\"${PODS_ROOT}/Target Support Files/Pods-DidIDoMyBestToday/Pods-DidIDoMyBestToday-frameworks.sh\"\n";
			showEnvVarsInLog = 0;
		};
		BC91D180C7497BA264863349 /* [CP] Check Pods Manifest.lock */ = {
			isa = PBXShellScriptBuildPhase;
			buildActionMask = 2147483647;
			files = (
			);
			inputFileListPaths = (
			);
			inputPaths = (
				"${PODS_PODFILE_DIR_PATH}/Podfile.lock",
				"${PODS_ROOT}/Manifest.lock",
			);
			name = "[CP] Check Pods Manifest.lock";
			outputFileListPaths = (
			);
			outputPaths = (
				"$(DERIVED_FILE_DIR)/Pods-DidIDoMyBestTodayTests-checkManifestLockResult.txt",
			);
			runOnlyForDeploymentPostprocessing = 0;
			shellPath = /bin/sh;
			shellScript = "diff \"${PODS_PODFILE_DIR_PATH}/Podfile.lock\" \"${PODS_ROOT}/Manifest.lock\" > /dev/null\nif [ $? != 0 ] ; then\n    # print error to STDERR\n    echo \"error: The sandbox is not in sync with the Podfile.lock. Run 'pod install' or update your CocoaPods installation.\" >&2\n    exit 1\nfi\n# This output is used by Xcode 'outputs' to avoid re-running this script phase.\necho \"SUCCESS\" > \"${SCRIPT_OUTPUT_FILE_0}\"\n";
			showEnvVarsInLog = 0;
		};
		E6CCE8CB1A4A070128197777 /* [CP] Embed Pods Frameworks */ = {
			isa = PBXShellScriptBuildPhase;
			buildActionMask = 2147483647;
			files = (
			);
			inputFileListPaths = (
				"${PODS_ROOT}/Target Support Files/Pods-DidIDoMyBestToday-DidIDoMyBestTodayUITests/Pods-DidIDoMyBestToday-DidIDoMyBestTodayUITests-frameworks-${CONFIGURATION}-input-files.xcfilelist",
			);
			name = "[CP] Embed Pods Frameworks";
			outputFileListPaths = (
				"${PODS_ROOT}/Target Support Files/Pods-DidIDoMyBestToday-DidIDoMyBestTodayUITests/Pods-DidIDoMyBestToday-DidIDoMyBestTodayUITests-frameworks-${CONFIGURATION}-output-files.xcfilelist",
			);
			runOnlyForDeploymentPostprocessing = 0;
			shellPath = /bin/sh;
			shellScript = "\"${PODS_ROOT}/Target Support Files/Pods-DidIDoMyBestToday-DidIDoMyBestTodayUITests/Pods-DidIDoMyBestToday-DidIDoMyBestTodayUITests-frameworks.sh\"\n";
			showEnvVarsInLog = 0;
		};
/* End PBXShellScriptBuildPhase section */

/* Begin PBXSourcesBuildPhase section */
		7BFB051D2853640A009EA3E1 /* Sources */ = {
			isa = PBXSourcesBuildPhase;
			buildActionMask = 2147483647;
			files = (
				7BFB05682855B7AF009EA3E1 /* WriteTodoTaskSceneViewController.swift in Sources */,
				7B48A4DA2855C19400FE34C0 /* RealmInsertError.swift in Sources */,
				7B48A4DD2855CFAD00FE34C0 /* TaskData.swift in Sources */,
				7BFB05292853640A009EA3E1 /* MainSceneViewController.swift in Sources */,
				7BFB056A2855B805009EA3E1 /* WriteTodoaskScenePresenter.swift in Sources */,
				7BFB05252853640A009EA3E1 /* AppDelegate.swift in Sources */,
				7B48A4D22855BE7700FE34C0 /* RealmTaskData.swift in Sources */,
				7BFB055E28558DA2009EA3E1 /* MainSceneProtocol.swift in Sources */,
				7B48A4E52855DEC100FE34C0 /* TodoListTableCell.swift in Sources */,
				7B48A4E92855E05B00FE34C0 /* ScoreEnum.swift in Sources */,
				7BFB056C2855B852009EA3E1 /* WriteTodoTaskSceneProtocol.swift in Sources */,
				7BFB05272853640A009EA3E1 /* SceneDelegate.swift in Sources */,
				7BFB056528559162009EA3E1 /* MainScenePresenter.swift in Sources */,
				7B48A4D42855BFA700FE34C0 /* RealmDataManager.swift in Sources */,
			);
			runOnlyForDeploymentPostprocessing = 0;
		};
		7BFB05332853640C009EA3E1 /* Sources */ = {
			isa = PBXSourcesBuildPhase;
			buildActionMask = 2147483647;
			files = (
				7BFB055C28558D77009EA3E1 /* MockMainSceneViewController.swift in Sources */,
				7BFB0558285584E6009EA3E1 /* MainSceneTest.swift in Sources */,
				7B48A4D72855C10E00FE34C0 /* RealmTest.swift in Sources */,
			);
			runOnlyForDeploymentPostprocessing = 0;
		};
		7BFB053D2853640C009EA3E1 /* Sources */ = {
			isa = PBXSourcesBuildPhase;
			buildActionMask = 2147483647;
			files = (
				7BFB05462853640C009EA3E1 /* DidIDoMyBestTodayUITests.swift in Sources */,
				7BFB05482853640C009EA3E1 /* DidIDoMyBestTodayUITestsLaunchTests.swift in Sources */,
			);
			runOnlyForDeploymentPostprocessing = 0;
		};
/* End PBXSourcesBuildPhase section */

/* Begin PBXTargetDependency section */
		7BFB05392853640C009EA3E1 /* PBXTargetDependency */ = {
			isa = PBXTargetDependency;
			target = 7BFB05202853640A009EA3E1 /* DidIDoMyBestToday */;
			targetProxy = 7BFB05382853640C009EA3E1 /* PBXContainerItemProxy */;
		};
		7BFB05432853640C009EA3E1 /* PBXTargetDependency */ = {
			isa = PBXTargetDependency;
			target = 7BFB05202853640A009EA3E1 /* DidIDoMyBestToday */;
			targetProxy = 7BFB05422853640C009EA3E1 /* PBXContainerItemProxy */;
		};
/* End PBXTargetDependency section */

/* Begin PBXVariantGroup section */
		7BFB052A2853640A009EA3E1 /* MainScene.storyboard */ = {
			isa = PBXVariantGroup;
			children = (
				7BFB052B2853640A009EA3E1 /* Base */,
			);
			name = MainScene.storyboard;
			sourceTree = "<group>";
		};
		7BFB052F2853640C009EA3E1 /* LaunchScreen.storyboard */ = {
			isa = PBXVariantGroup;
			children = (
				7BFB05302853640C009EA3E1 /* Base */,
			);
			name = LaunchScreen.storyboard;
			sourceTree = "<group>";
		};
/* End PBXVariantGroup section */

/* Begin XCBuildConfiguration section */
		7BFB05492853640C009EA3E1 /* Debug */ = {
			isa = XCBuildConfiguration;
			buildSettings = {
				ALWAYS_SEARCH_USER_PATHS = NO;
				CLANG_ANALYZER_NONNULL = YES;
				CLANG_ANALYZER_NUMBER_OBJECT_CONVERSION = YES_AGGRESSIVE;
				CLANG_CXX_LANGUAGE_STANDARD = "gnu++17";
				CLANG_ENABLE_MODULES = YES;
				CLANG_ENABLE_OBJC_ARC = YES;
				CLANG_ENABLE_OBJC_WEAK = YES;
				CLANG_WARN_BLOCK_CAPTURE_AUTORELEASING = YES;
				CLANG_WARN_BOOL_CONVERSION = YES;
				CLANG_WARN_COMMA = YES;
				CLANG_WARN_CONSTANT_CONVERSION = YES;
				CLANG_WARN_DEPRECATED_OBJC_IMPLEMENTATIONS = YES;
				CLANG_WARN_DIRECT_OBJC_ISA_USAGE = YES_ERROR;
				CLANG_WARN_DOCUMENTATION_COMMENTS = YES;
				CLANG_WARN_EMPTY_BODY = YES;
				CLANG_WARN_ENUM_CONVERSION = YES;
				CLANG_WARN_INFINITE_RECURSION = YES;
				CLANG_WARN_INT_CONVERSION = YES;
				CLANG_WARN_NON_LITERAL_NULL_CONVERSION = YES;
				CLANG_WARN_OBJC_IMPLICIT_RETAIN_SELF = YES;
				CLANG_WARN_OBJC_LITERAL_CONVERSION = YES;
				CLANG_WARN_OBJC_ROOT_CLASS = YES_ERROR;
				CLANG_WARN_QUOTED_INCLUDE_IN_FRAMEWORK_HEADER = YES;
				CLANG_WARN_RANGE_LOOP_ANALYSIS = YES;
				CLANG_WARN_STRICT_PROTOTYPES = YES;
				CLANG_WARN_SUSPICIOUS_MOVE = YES;
				CLANG_WARN_UNGUARDED_AVAILABILITY = YES_AGGRESSIVE;
				CLANG_WARN_UNREACHABLE_CODE = YES;
				CLANG_WARN__DUPLICATE_METHOD_MATCH = YES;
				COPY_PHASE_STRIP = NO;
				DEBUG_INFORMATION_FORMAT = dwarf;
				ENABLE_STRICT_OBJC_MSGSEND = YES;
				ENABLE_TESTABILITY = YES;
				GCC_C_LANGUAGE_STANDARD = gnu11;
				GCC_DYNAMIC_NO_PIC = NO;
				GCC_NO_COMMON_BLOCKS = YES;
				GCC_OPTIMIZATION_LEVEL = 0;
				GCC_PREPROCESSOR_DEFINITIONS = (
					"DEBUG=1",
					"$(inherited)",
				);
				GCC_WARN_64_TO_32_BIT_CONVERSION = YES;
				GCC_WARN_ABOUT_RETURN_TYPE = YES_ERROR;
				GCC_WARN_UNDECLARED_SELECTOR = YES;
				GCC_WARN_UNINITIALIZED_AUTOS = YES_AGGRESSIVE;
				GCC_WARN_UNUSED_FUNCTION = YES;
				GCC_WARN_UNUSED_VARIABLE = YES;
				IPHONEOS_DEPLOYMENT_TARGET = 15.4;
				MTL_ENABLE_DEBUG_INFO = INCLUDE_SOURCE;
				MTL_FAST_MATH = YES;
				ONLY_ACTIVE_ARCH = YES;
				SDKROOT = iphoneos;
				SWIFT_ACTIVE_COMPILATION_CONDITIONS = DEBUG;
				SWIFT_OPTIMIZATION_LEVEL = "-Onone";
			};
			name = Debug;
		};
		7BFB054A2853640C009EA3E1 /* Release */ = {
			isa = XCBuildConfiguration;
			buildSettings = {
				ALWAYS_SEARCH_USER_PATHS = NO;
				CLANG_ANALYZER_NONNULL = YES;
				CLANG_ANALYZER_NUMBER_OBJECT_CONVERSION = YES_AGGRESSIVE;
				CLANG_CXX_LANGUAGE_STANDARD = "gnu++17";
				CLANG_ENABLE_MODULES = YES;
				CLANG_ENABLE_OBJC_ARC = YES;
				CLANG_ENABLE_OBJC_WEAK = YES;
				CLANG_WARN_BLOCK_CAPTURE_AUTORELEASING = YES;
				CLANG_WARN_BOOL_CONVERSION = YES;
				CLANG_WARN_COMMA = YES;
				CLANG_WARN_CONSTANT_CONVERSION = YES;
				CLANG_WARN_DEPRECATED_OBJC_IMPLEMENTATIONS = YES;
				CLANG_WARN_DIRECT_OBJC_ISA_USAGE = YES_ERROR;
				CLANG_WARN_DOCUMENTATION_COMMENTS = YES;
				CLANG_WARN_EMPTY_BODY = YES;
				CLANG_WARN_ENUM_CONVERSION = YES;
				CLANG_WARN_INFINITE_RECURSION = YES;
				CLANG_WARN_INT_CONVERSION = YES;
				CLANG_WARN_NON_LITERAL_NULL_CONVERSION = YES;
				CLANG_WARN_OBJC_IMPLICIT_RETAIN_SELF = YES;
				CLANG_WARN_OBJC_LITERAL_CONVERSION = YES;
				CLANG_WARN_OBJC_ROOT_CLASS = YES_ERROR;
				CLANG_WARN_QUOTED_INCLUDE_IN_FRAMEWORK_HEADER = YES;
				CLANG_WARN_RANGE_LOOP_ANALYSIS = YES;
				CLANG_WARN_STRICT_PROTOTYPES = YES;
				CLANG_WARN_SUSPICIOUS_MOVE = YES;
				CLANG_WARN_UNGUARDED_AVAILABILITY = YES_AGGRESSIVE;
				CLANG_WARN_UNREACHABLE_CODE = YES;
				CLANG_WARN__DUPLICATE_METHOD_MATCH = YES;
				COPY_PHASE_STRIP = NO;
				DEBUG_INFORMATION_FORMAT = "dwarf-with-dsym";
				ENABLE_NS_ASSERTIONS = NO;
				ENABLE_STRICT_OBJC_MSGSEND = YES;
				GCC_C_LANGUAGE_STANDARD = gnu11;
				GCC_NO_COMMON_BLOCKS = YES;
				GCC_WARN_64_TO_32_BIT_CONVERSION = YES;
				GCC_WARN_ABOUT_RETURN_TYPE = YES_ERROR;
				GCC_WARN_UNDECLARED_SELECTOR = YES;
				GCC_WARN_UNINITIALIZED_AUTOS = YES_AGGRESSIVE;
				GCC_WARN_UNUSED_FUNCTION = YES;
				GCC_WARN_UNUSED_VARIABLE = YES;
				IPHONEOS_DEPLOYMENT_TARGET = 15.4;
				MTL_ENABLE_DEBUG_INFO = NO;
				MTL_FAST_MATH = YES;
				SDKROOT = iphoneos;
				SWIFT_COMPILATION_MODE = wholemodule;
				SWIFT_OPTIMIZATION_LEVEL = "-O";
				VALIDATE_PRODUCT = YES;
			};
			name = Release;
		};
		7BFB054C2853640C009EA3E1 /* Debug */ = {
			isa = XCBuildConfiguration;
			baseConfigurationReference = DE24B63C448D54F93E3801F8 /* Pods-DidIDoMyBestToday.debug.xcconfig */;
			buildSettings = {
				ASSETCATALOG_COMPILER_APPICON_NAME = AppIcon;
				ASSETCATALOG_COMPILER_GLOBAL_ACCENT_COLOR_NAME = AccentColor;
				CODE_SIGN_STYLE = Automatic;
				CURRENT_PROJECT_VERSION = 1;
				DEVELOPMENT_TEAM = QA36XKL5W8;
				GENERATE_INFOPLIST_FILE = YES;
				INFOPLIST_FILE = DidIDoMyBestToday/Info.plist;
				INFOPLIST_KEY_UIApplicationSupportsIndirectInputEvents = YES;
				INFOPLIST_KEY_UILaunchStoryboardName = LaunchScreen;
				INFOPLIST_KEY_UIMainStoryboardFile = MainScene;
				INFOPLIST_KEY_UISupportedInterfaceOrientations_iPad = "UIInterfaceOrientationPortrait UIInterfaceOrientationPortraitUpsideDown UIInterfaceOrientationLandscapeLeft UIInterfaceOrientationLandscapeRight";
				INFOPLIST_KEY_UISupportedInterfaceOrientations_iPhone = "UIInterfaceOrientationPortrait UIInterfaceOrientationLandscapeLeft UIInterfaceOrientationLandscapeRight";
				LD_RUNPATH_SEARCH_PATHS = (
					"$(inherited)",
					"@executable_path/Frameworks",
				);
				MARKETING_VERSION = 1.0;
				PRODUCT_BUNDLE_IDENTIFIER = "study-only.DidIDoMyBestToday";
				PRODUCT_NAME = "$(TARGET_NAME)";
				SWIFT_EMIT_LOC_STRINGS = YES;
				SWIFT_VERSION = 5.0;
				TARGETED_DEVICE_FAMILY = "1,2";
			};
			name = Debug;
		};
		7BFB054D2853640C009EA3E1 /* Release */ = {
			isa = XCBuildConfiguration;
			baseConfigurationReference = 0157DD42403CA0B16DB35415 /* Pods-DidIDoMyBestToday.release.xcconfig */;
			buildSettings = {
				ASSETCATALOG_COMPILER_APPICON_NAME = AppIcon;
				ASSETCATALOG_COMPILER_GLOBAL_ACCENT_COLOR_NAME = AccentColor;
				CODE_SIGN_STYLE = Automatic;
				CURRENT_PROJECT_VERSION = 1;
				DEVELOPMENT_TEAM = QA36XKL5W8;
				GENERATE_INFOPLIST_FILE = YES;
				INFOPLIST_FILE = DidIDoMyBestToday/Info.plist;
				INFOPLIST_KEY_UIApplicationSupportsIndirectInputEvents = YES;
				INFOPLIST_KEY_UILaunchStoryboardName = LaunchScreen;
				INFOPLIST_KEY_UIMainStoryboardFile = MainScene;
				INFOPLIST_KEY_UISupportedInterfaceOrientations_iPad = "UIInterfaceOrientationPortrait UIInterfaceOrientationPortraitUpsideDown UIInterfaceOrientationLandscapeLeft UIInterfaceOrientationLandscapeRight";
				INFOPLIST_KEY_UISupportedInterfaceOrientations_iPhone = "UIInterfaceOrientationPortrait UIInterfaceOrientationLandscapeLeft UIInterfaceOrientationLandscapeRight";
				LD_RUNPATH_SEARCH_PATHS = (
					"$(inherited)",
					"@executable_path/Frameworks",
				);
				MARKETING_VERSION = 1.0;
				PRODUCT_BUNDLE_IDENTIFIER = "study-only.DidIDoMyBestToday";
				PRODUCT_NAME = "$(TARGET_NAME)";
				SWIFT_EMIT_LOC_STRINGS = YES;
				SWIFT_VERSION = 5.0;
				TARGETED_DEVICE_FAMILY = "1,2";
			};
			name = Release;
		};
		7BFB054F2853640C009EA3E1 /* Debug */ = {
			isa = XCBuildConfiguration;
			baseConfigurationReference = B5937904DE8037992B46F275 /* Pods-DidIDoMyBestTodayTests.debug.xcconfig */;
			buildSettings = {
				ALWAYS_EMBED_SWIFT_STANDARD_LIBRARIES = YES;
				BUNDLE_LOADER = "$(TEST_HOST)";
				CODE_SIGN_STYLE = Automatic;
				CURRENT_PROJECT_VERSION = 1;
				DEVELOPMENT_TEAM = QA36XKL5W8;
				GENERATE_INFOPLIST_FILE = YES;
				IPHONEOS_DEPLOYMENT_TARGET = 15.4;
				MARKETING_VERSION = 1.0;
				PRODUCT_BUNDLE_IDENTIFIER = "study-only.DidIDoMyBestTodayTests";
				PRODUCT_NAME = "$(TARGET_NAME)";
				SWIFT_EMIT_LOC_STRINGS = NO;
				SWIFT_VERSION = 5.0;
				TARGETED_DEVICE_FAMILY = "1,2";
				TEST_HOST = "$(BUILT_PRODUCTS_DIR)/DidIDoMyBestToday.app/DidIDoMyBestToday";
			};
			name = Debug;
		};
		7BFB05502853640C009EA3E1 /* Release */ = {
			isa = XCBuildConfiguration;
			baseConfigurationReference = 8330D262441549AFE7F4C024 /* Pods-DidIDoMyBestTodayTests.release.xcconfig */;
			buildSettings = {
				ALWAYS_EMBED_SWIFT_STANDARD_LIBRARIES = YES;
				BUNDLE_LOADER = "$(TEST_HOST)";
				CODE_SIGN_STYLE = Automatic;
				CURRENT_PROJECT_VERSION = 1;
				DEVELOPMENT_TEAM = QA36XKL5W8;
				GENERATE_INFOPLIST_FILE = YES;
				IPHONEOS_DEPLOYMENT_TARGET = 15.4;
				MARKETING_VERSION = 1.0;
				PRODUCT_BUNDLE_IDENTIFIER = "study-only.DidIDoMyBestTodayTests";
				PRODUCT_NAME = "$(TARGET_NAME)";
				SWIFT_EMIT_LOC_STRINGS = NO;
				SWIFT_VERSION = 5.0;
				TARGETED_DEVICE_FAMILY = "1,2";
				TEST_HOST = "$(BUILT_PRODUCTS_DIR)/DidIDoMyBestToday.app/DidIDoMyBestToday";
			};
			name = Release;
		};
		7BFB05522853640C009EA3E1 /* Debug */ = {
			isa = XCBuildConfiguration;
			baseConfigurationReference = 4A43F0D7A503BE6F6858BFCB /* Pods-DidIDoMyBestToday-DidIDoMyBestTodayUITests.debug.xcconfig */;
			buildSettings = {
				ALWAYS_EMBED_SWIFT_STANDARD_LIBRARIES = YES;
				CODE_SIGN_STYLE = Automatic;
				CURRENT_PROJECT_VERSION = 1;
				DEVELOPMENT_TEAM = QA36XKL5W8;
				GENERATE_INFOPLIST_FILE = YES;
				MARKETING_VERSION = 1.0;
				PRODUCT_BUNDLE_IDENTIFIER = "study-only.DidIDoMyBestTodayUITests";
				PRODUCT_NAME = "$(TARGET_NAME)";
				SWIFT_EMIT_LOC_STRINGS = NO;
				SWIFT_VERSION = 5.0;
				TARGETED_DEVICE_FAMILY = "1,2";
				TEST_TARGET_NAME = DidIDoMyBestToday;
			};
			name = Debug;
		};
		7BFB05532853640C009EA3E1 /* Release */ = {
			isa = XCBuildConfiguration;
			baseConfigurationReference = D1AC62D5176A20ED5BF08D70 /* Pods-DidIDoMyBestToday-DidIDoMyBestTodayUITests.release.xcconfig */;
			buildSettings = {
				ALWAYS_EMBED_SWIFT_STANDARD_LIBRARIES = YES;
				CODE_SIGN_STYLE = Automatic;
				CURRENT_PROJECT_VERSION = 1;
				DEVELOPMENT_TEAM = QA36XKL5W8;
				GENERATE_INFOPLIST_FILE = YES;
				MARKETING_VERSION = 1.0;
				PRODUCT_BUNDLE_IDENTIFIER = "study-only.DidIDoMyBestTodayUITests";
				PRODUCT_NAME = "$(TARGET_NAME)";
				SWIFT_EMIT_LOC_STRINGS = NO;
				SWIFT_VERSION = 5.0;
				TARGETED_DEVICE_FAMILY = "1,2";
				TEST_TARGET_NAME = DidIDoMyBestToday;
			};
			name = Release;
		};
/* End XCBuildConfiguration section */

/* Begin XCConfigurationList section */
		7BFB051C2853640A009EA3E1 /* Build configuration list for PBXProject "DidIDoMyBestToday" */ = {
			isa = XCConfigurationList;
			buildConfigurations = (
				7BFB05492853640C009EA3E1 /* Debug */,
				7BFB054A2853640C009EA3E1 /* Release */,
			);
			defaultConfigurationIsVisible = 0;
			defaultConfigurationName = Release;
		};
		7BFB054B2853640C009EA3E1 /* Build configuration list for PBXNativeTarget "DidIDoMyBestToday" */ = {
			isa = XCConfigurationList;
			buildConfigurations = (
				7BFB054C2853640C009EA3E1 /* Debug */,
				7BFB054D2853640C009EA3E1 /* Release */,
			);
			defaultConfigurationIsVisible = 0;
			defaultConfigurationName = Release;
		};
		7BFB054E2853640C009EA3E1 /* Build configuration list for PBXNativeTarget "DidIDoMyBestTodayTests" */ = {
			isa = XCConfigurationList;
			buildConfigurations = (
				7BFB054F2853640C009EA3E1 /* Debug */,
				7BFB05502853640C009EA3E1 /* Release */,
			);
			defaultConfigurationIsVisible = 0;
			defaultConfigurationName = Release;
		};
		7BFB05512853640C009EA3E1 /* Build configuration list for PBXNativeTarget "DidIDoMyBestTodayUITests" */ = {
			isa = XCConfigurationList;
			buildConfigurations = (
				7BFB05522853640C009EA3E1 /* Debug */,
				7BFB05532853640C009EA3E1 /* Release */,
			);
			defaultConfigurationIsVisible = 0;
			defaultConfigurationName = Release;
		};
/* End XCConfigurationList section */
	};
	rootObject = 7BFB05192853640A009EA3E1 /* Project object */;
}
